Microsoft Visual Studio Solution File, Format Version 12.00
# Visual Studio Version 17
VisualStudioVersion = 17.5.2.0
MinimumVisualStudioVersion = 10.0.40219.1
Project("{FAE04EC0-301F-11D3-BF4B-00C04F79EFBC}") = "Menu-Completo", "Menu-Completo\Menu-Completo.csproj", "{D3ED4011-45FD-E9B7-82F3-8BC606F73608}"
EndProject
Global
	GlobalSection(SolutionConfigurationPlatforms) = preSolution
		Debug|Any CPU = Debug|Any CPU
		Release|Any CPU = Release|Any CPU
	EndGlobalSection
	GlobalSection(ProjectConfigurationPlatforms) = postSolution
		{D3ED4011-45FD-E9B7-82F3-8BC606F73608}.Debug|Any CPU.ActiveCfg = Debug|Any CPU
		{D3ED4011-45FD-E9B7-82F3-8BC606F73608}.Debug|Any CPU.Build.0 = Debug|Any CPU
		{D3ED4011-45FD-E9B7-82F3-8BC606F73608}.Release|Any CPU.ActiveCfg = Release|Any CPU
		{D3ED4011-45FD-E9B7-82F3-8BC606F73608}.Release|Any CPU.Build.0 = Release|Any CPU
	EndGlobalSection
	GlobalSection(SolutionProperties) = preSolution
		HideSolutionNode = FALSE
	EndGlobalSection
	GlobalSection(ExtensibilityGlobals) = postSolution
		SolutionGuid = {99BCF8DA-CBFE-423C-86F6-D15256C2459B}
	EndGlobalSection
EndGlobal
